
Microsoft Visual Studio Solution File, Format Version 12.00
# Visual Studio Version 17
VisualStudioVersion = 17.14.36518.9
MinimumVisualStudioVersion = 10.0.40219.1
Project("{FAE04EC0-301F-11D3-BF4B-00C04F79EFBC}") = "FlowSync", "FlowSync.csproj", "{971D8A25-7527-4B9B-996B-38572AE5D30A}"
EndProject
Project("{FAE04EC0-301F-11D3-BF4B-00C04F79EFBC}") = "FlowSync.Application", "..\FlowSync.Application\FlowSync.Application.csproj", "{B997B214-D004-4DBF-98CE-442CC2F1CCE3}"
EndProject
Project("{FAE04EC0-301F-11D3-BF4B-00C04F79EFBC}") = "FlowSync.Contracts", "..\FlowSync.Contracts\FlowSync.Contracts.csproj", "{6A9A60B8-9A06-45BC-B197-75B7C19A2AB9}"
EndProject
Global
	GlobalSection(SolutionConfigurationPlatforms) = preSolution
		Debug|Any CPU = Debug|Any CPU
		Release|Any CPU = Release|Any CPU
	EndGlobalSection
	GlobalSection(ProjectConfigurationPlatforms) = postSolution
		{971D8A25-7527-4B9B-996B-38572AE5D30A}.Debug|Any CPU.ActiveCfg = Debug|Any CPU
		{971D8A25-7527-4B9B-996B-38572AE5D30A}.Debug|Any CPU.Build.0 = Debug|Any CPU
		{971D8A25-7527-4B9B-996B-38572AE5D30A}.Release|Any CPU.ActiveCfg = Release|Any CPU
		{971D8A25-7527-4B9B-996B-38572AE5D30A}.Release|Any CPU.Build.0 = Release|Any CPU
		{B997B214-D004-4DBF-98CE-442CC2F1CCE3}.Debug|Any CPU.ActiveCfg = Debug|Any CPU
		{B997B214-D004-4DBF-98CE-442CC2F1CCE3}.Debug|Any CPU.Build.0 = Debug|Any CPU
		{B997B214-D004-4DBF-98CE-442CC2F1CCE3}.Release|Any CPU.ActiveCfg = Release|Any CPU
		{B997B214-D004-4DBF-98CE-442CC2F1CCE3}.Release|Any CPU.Build.0 = Release|Any CPU
		{6A9A60B8-9A06-45BC-B197-75B7C19A2AB9}.Debug|Any CPU.ActiveCfg = Debug|Any CPU
		{6A9A60B8-9A06-45BC-B197-75B7C19A2AB9}.Debug|Any CPU.Build.0 = Debug|Any CPU
		{6A9A60B8-9A06-45BC-B197-75B7C19A2AB9}.Release|Any CPU.ActiveCfg = Release|Any CPU
		{6A9A60B8-9A06-45BC-B197-75B7C19A2AB9}.Release|Any CPU.Build.0 = Release|Any CPU
	EndGlobalSection
	GlobalSection(SolutionProperties) = preSolution
		HideSolutionNode = FALSE
	EndGlobalSection
	GlobalSection(ExtensibilityGlobals) = postSolution
		SolutionGuid = {46EB1111-051F-4FF9-83D6-73D15CA3DAFE}
	EndGlobalSection
EndGlobal
